
Microsoft Visual Studio Solution File, Format Version 12.00
# Visual Studio Version 17
VisualStudioVersion = 17.6.33829.357
MinimumVisualStudioVersion = 10.0.40219.1
Project("{9A19103F-16F7-4668-BE54-9A1E7A4F7556}") = "Data-Breaks", "Data-Breaks\Data-Breaks.csproj", "{65EA28BC-126C-4E2E-B9B7-0776F258973A}"
EndProject
Global
	GlobalSection(SolutionConfigurationPlatforms) = preSolution
		Debug|Any CPU = Debug|Any CPU
		Release|Any CPU = Release|Any CPU
	EndGlobalSection
	GlobalSection(ProjectConfigurationPlatforms) = postSolution
		{65EA28BC-126C-4E2E-B9B7-0776F258973A}.Debug|Any CPU.ActiveCfg = Debug|Any CPU
		{65EA28BC-126C-4E2E-B9B7-0776F258973A}.Debug|Any CPU.Build.0 = Debug|Any CPU
		{65EA28BC-126C-4E2E-B9B7-0776F258973A}.Release|Any CPU.ActiveCfg = Release|Any CPU
		{65EA28BC-126C-4E2E-B9B7-0776F258973A}.Release|Any CPU.Build.0 = Release|Any CPU
	EndGlobalSection
	GlobalSection(SolutionProperties) = preSolution
		HideSolutionNode = FALSE
	EndGlobalSection
	GlobalSection(ExtensibilityGlobals) = postSolution
		SolutionGuid = {8D7C9BE8-3333-40FD-A8BA-DB70819B84E7}
	EndGlobalSection
EndGlobal
